{
  "object": {
    "pins": [
      {
        "package": "FDUIKit",
        "repositoryURL": "https://github.com/fandongtongxue/FDUIKit.git",
        "state": {
          "branch": "master",
          "revision": "9e8c8784749906c5fab2c7c66d2add38944630e4",
          "version": null
        }
      }
    ]
  },
  "version": 1
}
