{
  "object": {
    "pins": [
      {
        "package": "FDUIKit",
        "repositoryURL": "https://github.com/fandongtongxue/FDUIKit.git",
        "state": {
          "branch": "master",
          "revision": "6e93048384d3685f2e3fc3f7f83e8fb26671dbef",
          "version": null
        }
      }
    ]
  },
  "version": 1
}
